{
  "name": "sharepoint-ragie",
  "version": "1.0.0",
  "lockfileVersion": 3,
  "requires": true,
  "packages": {
    "": {
      "name": "sharepoint-ragie",
      "version": "1.0.0",
      "license": "ISC",
      "dependencies": {
        "dotenv": "^16.5.0",
        "openai": "^5.5.1",
        "ragie": "^1.11.4"
      }
    },
    "node_modules/dotenv": {
      "version": "16.5.0",
      "resolved": "https://registry.npmjs.org/dotenv/-/dotenv-16.5.0.tgz",
      "integrity": "sha512-m/C+AwOAr9/W1UOIZUo232ejMNnJAJtYQjUbHoNTBNTJSvqzzDh7vnrei3o3r3m9blf6ZoDkvcw0VmozNRFJxg==",
      "license": "BSD-2-Clause",
      "engines": {
        "node": ">=12"
      },
      "funding": {
        "url": "https://dotenvx.com"
      }
    },
    "node_modules/openai": {
      "version": "5.5.1",
      "resolved": "https://registry.npmjs.org/openai/-/openai-5.5.1.tgz",
      "integrity": "sha512-5i19097mGotHA1eFsM6Tjd/tJ8uo9sa5Ysv4Q6bKJ2vtN6rc0MzMrUefXnLXYAJcmMQrC1Efhj0AvfIkXrQamw==",
      "license": "Apache-2.0",
      "bin": {
        "openai": "bin/cli"
      },
      "peerDependencies": {
        "ws": "^8.18.0",
        "zod": "^3.23.8"
      },
      "peerDependenciesMeta": {
        "ws": {
          "optional": true
        },
        "zod": {
          "optional": true
        }
      }
    },
    "node_modules/ragie": {
      "version": "1.11.4",
      "resolved": "https://registry.npmjs.org/ragie/-/ragie-1.11.4.tgz",
      "integrity": "sha512-VEfV1MW+bZDJBvIopMoHr1UWxVggvj6MEM/gRzDM5mphZ6vIRKzbKKNZJ7BKNHKpvL2ctf7RVEJWU4ENZtmhbA==",
      "bin": {
        "mcp": "bin/mcp-server.js"
      },
      "peerDependencies": {
        "@modelcontextprotocol/sdk": ">=1.5.0 <1.10.0",
        "zod": ">= 3"
      },
      "peerDependenciesMeta": {
        "@modelcontextprotocol/sdk": {
          "optional": true
        }
      }
    },
    "node_modules/zod": {
      "version": "3.25.67",
      "resolved": "https://registry.npmjs.org/zod/-/zod-3.25.67.tgz",
      "integrity": "sha512-idA2YXwpCdqUSKRCACDE6ItZD9TZzy3OZMtpfLoh6oPR47lipysRrJfjzMqFxQ3uJuUPyUeWe1r9vLH33xO/Qw==",
      "license": "MIT",
      "peer": true,
      "funding": {
        "url": "https://github.com/sponsors/colinhacks"
      }
    }
  }
}
